// !$*UTF8*$!
{
	archiveVersion = 1;
	classes = {
	};
	objectVersion = 50;
	objects = {

/* Begin PBXBuildFile section */
		5D09E7C18B2157BE482DC52E /* Pods_Chipldapp.framework in Frameworks */ = {isa = PBXBuildFile; fileRef = 7B6D5DE59324A19E7ED2B835 /* Pods_Chipldapp.framework */; };
		C10F2199219C7E2A002CB334 /* MainScreenController.swift in Sources */ = {isa = PBXBuildFile; fileRef = C187FD0721587D4E00D0F35A /* MainScreenController.swift */; };
		C13401672181143F007C0B94 /* MockData.swift in Sources */ = {isa = PBXBuildFile; fileRef = C13401662181143F007C0B94 /* MockData.swift */; };
		C134016B218118D1007C0B94 /* UIViewExtension.swift in Sources */ = {isa = PBXBuildFile; fileRef = C134016A218118D1007C0B94 /* UIViewExtension.swift */; };
		C136AB5021A325BD0000A49C /* BackgroundTimer.swift in Sources */ = {isa = PBXBuildFile; fileRef = C136AB4F21A325BD0000A49C /* BackgroundTimer.swift */; };
		C15F8E06219A16BC003296D8 /* NSObjectExtension.swift in Sources */ = {isa = PBXBuildFile; fileRef = C15F8E05219A16BC003296D8 /* NSObjectExtension.swift */; };
		C16AAB57219E11A30095B09E /* ColorExtension.swift in Sources */ = {isa = PBXBuildFile; fileRef = C16AAB56219E11A30095B09E /* ColorExtension.swift */; };
		C187FD0621587D4E00D0F35A /* AppDelegate.swift in Sources */ = {isa = PBXBuildFile; fileRef = C187FD0521587D4E00D0F35A /* AppDelegate.swift */; };
		C187FD0B21587D4E00D0F35A /* MainScreen.storyboard in Resources */ = {isa = PBXBuildFile; fileRef = C187FD0921587D4E00D0F35A /* MainScreen.storyboard */; };
		C187FD0D21587D4F00D0F35A /* Assets.xcassets in Resources */ = {isa = PBXBuildFile; fileRef = C187FD0C21587D4F00D0F35A /* Assets.xcassets */; };
		C187FD1021587D4F00D0F35A /* LaunchScreen.storyboard in Resources */ = {isa = PBXBuildFile; fileRef = C187FD0E21587D4F00D0F35A /* LaunchScreen.storyboard */; };
		C1C9ADB2216EABEF00BBA87E /* FancyHeader.swift in Sources */ = {isa = PBXBuildFile; fileRef = C1C9ADB1216EABEF00BBA87E /* FancyHeader.swift */; };
		C1C9AF02219E95F000A422A4 /* MessageScreenController.swift in Sources */ = {isa = PBXBuildFile; fileRef = C1C9AF01219E95F000A422A4 /* MessageScreenController.swift */; };
		C1D060E1216EDA1800002936 /* FancyLetterStyle.swift in Sources */ = {isa = PBXBuildFile; fileRef = C1D060E0216EDA1800002936 /* FancyLetterStyle.swift */; };
		C1D060E5216F1B1800002936 /* FancyWord.swift in Sources */ = {isa = PBXBuildFile; fileRef = C1D060E4216F1B1800002936 /* FancyWord.swift */; };
		C1D060E7216F1B7E00002936 /* FancyTextLine.swift in Sources */ = {isa = PBXBuildFile; fileRef = C1D060E6216F1B7E00002936 /* FancyTextLine.swift */; };
		C1D060E9216F1BEA00002936 /* FancyTextParagraph.swift in Sources */ = {isa = PBXBuildFile; fileRef = C1D060E8216F1BEA00002936 /* FancyTextParagraph.swift */; };
		C1E22AC72180D903004D0E05 /* ChiplRadioController.swift in Sources */ = {isa = PBXBuildFile; fileRef = C1E22AC62180D903004D0E05 /* ChiplRadioController.swift */; };
		C1F5EF282158B007008F8518 /* .gitignore in Resources */ = {isa = PBXBuildFile; fileRef = C1F5EF272158B007008F8518 /* .gitignore */; };
/* End PBXBuildFile section */

/* Begin PBXFileReference section */
		28930700F4223132CA8E3252 /* Pods-Chipldapp.release.xcconfig */ = {isa = PBXFileReference; includeInIndex = 1; lastKnownFileType = text.xcconfig; name = "Pods-Chipldapp.release.xcconfig"; path = "Pods/Target Support Files/Pods-Chipldapp/Pods-Chipldapp.release.xcconfig"; sourceTree = "<group>"; };
		7B6D5DE59324A19E7ED2B835 /* Pods_Chipldapp.framework */ = {isa = PBXFileReference; explicitFileType = wrapper.framework; includeInIndex = 0; path = Pods_Chipldapp.framework; sourceTree = BUILT_PRODUCTS_DIR; };
		8D36B9219ECA38E0DD20C959 /* Pods-Chipldapp.debug.xcconfig */ = {isa = PBXFileReference; includeInIndex = 1; lastKnownFileType = text.xcconfig; name = "Pods-Chipldapp.debug.xcconfig"; path = "Pods/Target Support Files/Pods-Chipldapp/Pods-Chipldapp.debug.xcconfig"; sourceTree = "<group>"; };
		C13401662181143F007C0B94 /* MockData.swift */ = {isa = PBXFileReference; lastKnownFileType = sourcecode.swift; path = MockData.swift; sourceTree = "<group>"; };
		C134016A218118D1007C0B94 /* UIViewExtension.swift */ = {isa = PBXFileReference; lastKnownFileType = sourcecode.swift; name = UIViewExtension.swift; path = Chipldapp/Library/Helpers/Constants/UIViewExtension.swift; sourceTree = SOURCE_ROOT; };
		C136AB4F21A325BD0000A49C /* BackgroundTimer.swift */ = {isa = PBXFileReference; lastKnownFileType = sourcecode.swift; path = BackgroundTimer.swift; sourceTree = "<group>"; };
		C15F8E05219A16BC003296D8 /* NSObjectExtension.swift */ = {isa = PBXFileReference; lastKnownFileType = sourcecode.swift; path = NSObjectExtension.swift; sourceTree = "<group>"; };
		C16AAB56219E11A30095B09E /* ColorExtension.swift */ = {isa = PBXFileReference; lastKnownFileType = sourcecode.swift; name = ColorExtension.swift; path = "Chipldapp/Library/Helpers/Base objects extensions/Foundation/ColorExtension.swift"; sourceTree = SOURCE_ROOT; };
		C187FD0221587D4E00D0F35A /* Chipldapp.app */ = {isa = PBXFileReference; explicitFileType = wrapper.application; includeInIndex = 0; path = Chipldapp.app; sourceTree = BUILT_PRODUCTS_DIR; };
		C187FD0521587D4E00D0F35A /* AppDelegate.swift */ = {isa = PBXFileReference; lastKnownFileType = sourcecode.swift; path = AppDelegate.swift; sourceTree = "<group>"; };
		C187FD0721587D4E00D0F35A /* MainScreenController.swift */ = {isa = PBXFileReference; lastKnownFileType = sourcecode.swift; path = MainScreenController.swift; sourceTree = "<group>"; };
		C187FD0A21587D4E00D0F35A /* Base */ = {isa = PBXFileReference; lastKnownFileType = file.storyboard; name = Base; path = Base.lproj/MainScreen.storyboard; sourceTree = "<group>"; };
		C187FD0C21587D4F00D0F35A /* Assets.xcassets */ = {isa = PBXFileReference; lastKnownFileType = folder.assetcatalog; path = Assets.xcassets; sourceTree = "<group>"; };
		C187FD0F21587D4F00D0F35A /* Base */ = {isa = PBXFileReference; lastKnownFileType = file.storyboard; name = Base; path = Base.lproj/LaunchScreen.storyboard; sourceTree = "<group>"; };
		C187FD1121587D4F00D0F35A /* Info.plist */ = {isa = PBXFileReference; lastKnownFileType = text.plist.xml; path = Info.plist; sourceTree = "<group>"; };
		C1C9ADB1216EABEF00BBA87E /* FancyHeader.swift */ = {isa = PBXFileReference; lastKnownFileType = sourcecode.swift; path = FancyHeader.swift; sourceTree = "<group>"; };
		C1C9AF01219E95F000A422A4 /* MessageScreenController.swift */ = {isa = PBXFileReference; lastKnownFileType = sourcecode.swift; path = MessageScreenController.swift; sourceTree = "<group>"; };
		C1D060E0216EDA1800002936 /* FancyLetterStyle.swift */ = {isa = PBXFileReference; lastKnownFileType = sourcecode.swift; path = FancyLetterStyle.swift; sourceTree = "<group>"; };
		C1D060E4216F1B1800002936 /* FancyWord.swift */ = {isa = PBXFileReference; lastKnownFileType = sourcecode.swift; path = FancyWord.swift; sourceTree = "<group>"; };
		C1D060E6216F1B7E00002936 /* FancyTextLine.swift */ = {isa = PBXFileReference; lastKnownFileType = sourcecode.swift; path = FancyTextLine.swift; sourceTree = "<group>"; };
		C1D060E8216F1BEA00002936 /* FancyTextParagraph.swift */ = {isa = PBXFileReference; lastKnownFileType = sourcecode.swift; path = FancyTextParagraph.swift; sourceTree = "<group>"; };
		C1E22AC62180D903004D0E05 /* ChiplRadioController.swift */ = {isa = PBXFileReference; lastKnownFileType = sourcecode.swift; path = ChiplRadioController.swift; sourceTree = "<group>"; };
		C1F5EF272158B007008F8518 /* .gitignore */ = {isa = PBXFileReference; lastKnownFileType = text; path = .gitignore; sourceTree = SOURCE_ROOT; };
/* End PBXFileReference section */

/* Begin PBXFrameworksBuildPhase section */
		C187FCFF21587D4E00D0F35A /* Frameworks */ = {
			isa = PBXFrameworksBuildPhase;
			buildActionMask = 2147483647;
			files = (
				5D09E7C18B2157BE482DC52E /* Pods_Chipldapp.framework in Frameworks */,
			);
			runOnlyForDeploymentPostprocessing = 0;
		};
/* End PBXFrameworksBuildPhase section */

/* Begin PBXGroup section */
		523FBAFBC2B992B973304617 /* Frameworks */ = {
			isa = PBXGroup;
			children = (
				7B6D5DE59324A19E7ED2B835 /* Pods_Chipldapp.framework */,
			);
			name = Frameworks;
			sourceTree = "<group>";
		};
		A130D2D7807CAD183534F4DB /* Pods */ = {
			isa = PBXGroup;
			children = (
				8D36B9219ECA38E0DD20C959 /* Pods-Chipldapp.debug.xcconfig */,
				28930700F4223132CA8E3252 /* Pods-Chipldapp.release.xcconfig */,
			);
			name = Pods;
			sourceTree = "<group>";
		};
		C187FCF921587D4E00D0F35A = {
			isa = PBXGroup;
			children = (
				C1F5EF272158B007008F8518 /* .gitignore */,
				C187FD0421587D4E00D0F35A /* Chipldapp */,
				C187FD0321587D4E00D0F35A /* Products */,
				A130D2D7807CAD183534F4DB /* Pods */,
				523FBAFBC2B992B973304617 /* Frameworks */,
			);
			sourceTree = "<group>";
		};
		C187FD0321587D4E00D0F35A /* Products */ = {
			isa = PBXGroup;
			children = (
				C187FD0221587D4E00D0F35A /* Chipldapp.app */,
			);
			name = Products;
			sourceTree = "<group>";
		};
		C187FD0421587D4E00D0F35A /* Chipldapp */ = {
			isa = PBXGroup;
			children = (
				C187FD2121587E3300D0F35A /* Controllers */,
				C187FD2021587E2B00D0F35A /* Models */,
				C187FD1F21587E2400D0F35A /* Views */,
				C187FD1B21587DF100D0F35A /* Library */,
				C187FD1A21587DD300D0F35A /* Storyboards */,
				C187FD1921587D9100D0F35A /* Application */,
				C187FD1721587D6900D0F35A /* Resources */,
			);
			path = Chipldapp;
			sourceTree = "<group>";
		};
		C187FD1721587D6900D0F35A /* Resources */ = {
			isa = PBXGroup;
			children = (
				C187FD0C21587D4F00D0F35A /* Assets.xcassets */,
			);
			path = Resources;
			sourceTree = "<group>";
		};
		C187FD1921587D9100D0F35A /* Application */ = {
			isa = PBXGroup;
			children = (
				C187FD0521587D4E00D0F35A /* AppDelegate.swift */,
				C187FD1121587D4F00D0F35A /* Info.plist */,
			);
			path = Application;
			sourceTree = "<group>";
		};
		C187FD1A21587DD300D0F35A /* Storyboards */ = {
			isa = PBXGroup;
			children = (
				C187FD0E21587D4F00D0F35A /* LaunchScreen.storyboard */,
				C187FD0921587D4E00D0F35A /* MainScreen.storyboard */,
			);
			path = Storyboards;
			sourceTree = "<group>";
		};
		C187FD1B21587DF100D0F35A /* Library */ = {
			isa = PBXGroup;
			children = (
				C187FD1E21587E1600D0F35A /* Base classes */,
				C187FD1D21587E0C00D0F35A /* Helpers */,
				C187FD1C21587E0100D0F35A /* Vendors */,
			);
			path = Library;
			sourceTree = "<group>";
		};
		C187FD1C21587E0100D0F35A /* Vendors */ = {
			isa = PBXGroup;
			children = (
			);
			path = Vendors;
			sourceTree = "<group>";
		};
		C187FD1D21587E0C00D0F35A /* Helpers */ = {
			isa = PBXGroup;
			children = (
				C1F5EF2C215915EF008F8518 /* Base objects extensions */,
				C1F5EF2F2159163F008F8518 /* Constants */,
				C1F5EF292158DAC2008F8518 /* UI tweaks */,
				C136AB4F21A325BD0000A49C /* BackgroundTimer.swift */,
			);
			path = Helpers;
			sourceTree = "<group>";
		};
		C187FD1E21587E1600D0F35A /* Base classes */ = {
			isa = PBXGroup;
			children = (
			);
			path = "Base classes";
			sourceTree = "<group>";
		};
		C187FD1F21587E2400D0F35A /* Views */ = {
			isa = PBXGroup;
			children = (
			);
			path = Views;
			sourceTree = "<group>";
		};
		C187FD2021587E2B00D0F35A /* Models */ = {
			isa = PBXGroup;
			children = (
			);
			path = Models;
			sourceTree = "<group>";
		};
		C187FD2121587E3300D0F35A /* Controllers */ = {
			isa = PBXGroup;
			children = (
				C187FD0721587D4E00D0F35A /* MainScreenController.swift */,
				C1E22AC62180D903004D0E05 /* ChiplRadioController.swift */,
				C1C9AF01219E95F000A422A4 /* MessageScreenController.swift */,
			);
			path = Controllers;
			sourceTree = "<group>";
		};
		C1F5EF292158DAC2008F8518 /* UI tweaks */ = {
			isa = PBXGroup;
			children = (
				C1C9ADB1216EABEF00BBA87E /* FancyHeader.swift */,
				C1D060E8216F1BEA00002936 /* FancyTextParagraph.swift */,
				C1D060E4216F1B1800002936 /* FancyWord.swift */,
				C1D060E6216F1B7E00002936 /* FancyTextLine.swift */,
				C1D060E0216EDA1800002936 /* FancyLetterStyle.swift */,
			);
			path = "UI tweaks";
			sourceTree = "<group>";
		};
		C1F5EF2C215915EF008F8518 /* Base objects extensions */ = {
			isa = PBXGroup;
			children = (
				C1F5EF2D21591606008F8518 /* Foundation */,
				C1F5EF2E21591611008F8518 /* UIKit */,
			);
			path = "Base objects extensions";
			sourceTree = "<group>";
		};
		C1F5EF2D21591606008F8518 /* Foundation */ = {
			isa = PBXGroup;
			children = (
				C15F8E05219A16BC003296D8 /* NSObjectExtension.swift */,
			);
			path = Foundation;
			sourceTree = "<group>";
		};
		C1F5EF2E21591611008F8518 /* UIKit */ = {
			isa = PBXGroup;
			children = (
				C134016A218118D1007C0B94 /* UIViewExtension.swift */,
				C16AAB56219E11A30095B09E /* ColorExtension.swift */,
			);
			path = UIKit;
			sourceTree = "<group>";
		};
		C1F5EF2F2159163F008F8518 /* Constants */ = {
			isa = PBXGroup;
			children = (
				C13401662181143F007C0B94 /* MockData.swift */,
			);
			path = Constants;
			sourceTree = "<group>";
		};
/* End PBXGroup section */

/* Begin PBXNativeTarget section */
		C187FD0121587D4E00D0F35A /* Chipldapp */ = {
			isa = PBXNativeTarget;
			buildConfigurationList = C187FD1421587D4F00D0F35A /* Build configuration list for PBXNativeTarget "Chipldapp" */;
			buildPhases = (
				29D29E91459AB12EEF9E9822 /* [CP] Check Pods Manifest.lock */,
				C187FCFE21587D4E00D0F35A /* Sources */,
				C187FCFF21587D4E00D0F35A /* Frameworks */,
				C187FD0021587D4E00D0F35A /* Resources */,
				FA6801499A6ED37B9F6E4DCF /* [CP] Embed Pods Frameworks */,
			);
			buildRules = (
			);
			dependencies = (
			);
			name = Chipldapp;
			productName = Chipldapp;
			productReference = C187FD0221587D4E00D0F35A /* Chipldapp.app */;
			productType = "com.apple.product-type.application";
		};
/* End PBXNativeTarget section */

/* Begin PBXProject section */
		C187FCFA21587D4E00D0F35A /* Project object */ = {
			isa = PBXProject;
			attributes = {
				LastSwiftUpdateCheck = 1000;
				LastUpgradeCheck = 1000;
				ORGANIZATIONNAME = KexitSoft;
				TargetAttributes = {
					C187FD0121587D4E00D0F35A = {
						CreatedOnToolsVersion = 10.0;
						SystemCapabilities = {
							com.apple.BackgroundModes = {
								enabled = 1;
							};
						};
					};
				};
			};
			buildConfigurationList = C187FCFD21587D4E00D0F35A /* Build configuration list for PBXProject "Chipldapp" */;
			compatibilityVersion = "Xcode 9.3";
			developmentRegion = en;
			hasScannedForEncodings = 0;
			knownRegions = (
				en,
				Base,
			);
			mainGroup = C187FCF921587D4E00D0F35A;
			productRefGroup = C187FD0321587D4E00D0F35A /* Products */;
			projectDirPath = "";
			projectRoot = "";
			targets = (
				C187FD0121587D4E00D0F35A /* Chipldapp */,
			);
		};
/* End PBXProject section */

/* Begin PBXResourcesBuildPhase section */
		C187FD0021587D4E00D0F35A /* Resources */ = {
			isa = PBXResourcesBuildPhase;
			buildActionMask = 2147483647;
			files = (
				C1F5EF282158B007008F8518 /* .gitignore in Resources */,
				C187FD1021587D4F00D0F35A /* LaunchScreen.storyboard in Resources */,
				C187FD0D21587D4F00D0F35A /* Assets.xcassets in Resources */,
				C187FD0B21587D4E00D0F35A /* MainScreen.storyboard in Resources */,
			);
			runOnlyForDeploymentPostprocessing = 0;
		};
/* End PBXResourcesBuildPhase section */

/* Begin PBXShellScriptBuildPhase section */
		29D29E91459AB12EEF9E9822 /* [CP] Check Pods Manifest.lock */ = {
			isa = PBXShellScriptBuildPhase;
			buildActionMask = 2147483647;
			files = (
			);
			inputPaths = (
				"${PODS_PODFILE_DIR_PATH}/Podfile.lock",
				"${PODS_ROOT}/Manifest.lock",
			);
			name = "[CP] Check Pods Manifest.lock";
			outputPaths = (
				"$(DERIVED_FILE_DIR)/Pods-Chipldapp-checkManifestLockResult.txt",
			);
			runOnlyForDeploymentPostprocessing = 0;
			shellPath = /bin/sh;
			shellScript = "diff \"${PODS_PODFILE_DIR_PATH}/Podfile.lock\" \"${PODS_ROOT}/Manifest.lock\" > /dev/null\nif [ $? != 0 ] ; then\n    # print error to STDERR\n    echo \"error: The sandbox is not in sync with the Podfile.lock. Run 'pod install' or update your CocoaPods installation.\" >&2\n    exit 1\nfi\n# This output is used by Xcode 'outputs' to avoid re-running this script phase.\necho \"SUCCESS\" > \"${SCRIPT_OUTPUT_FILE_0}\"\n";
			showEnvVarsInLog = 0;
		};
		FA6801499A6ED37B9F6E4DCF /* [CP] Embed Pods Frameworks */ = {
			isa = PBXShellScriptBuildPhase;
			buildActionMask = 2147483647;
			files = (
			);
			inputPaths = (
				"${SRCROOT}/Pods/Target Support Files/Pods-Chipldapp/Pods-Chipldapp-frameworks.sh",
				"${BUILT_PRODUCTS_DIR}/FRadioPlayer/FRadioPlayer.framework",
			);
			name = "[CP] Embed Pods Frameworks";
			outputPaths = (
				"${TARGET_BUILD_DIR}/${FRAMEWORKS_FOLDER_PATH}/FRadioPlayer.framework",
			);
			runOnlyForDeploymentPostprocessing = 0;
			shellPath = /bin/sh;
			shellScript = "\"${SRCROOT}/Pods/Target Support Files/Pods-Chipldapp/Pods-Chipldapp-frameworks.sh\"\n";
			showEnvVarsInLog = 0;
		};
/* End PBXShellScriptBuildPhase section */

/* Begin PBXSourcesBuildPhase section */
		C187FCFE21587D4E00D0F35A /* Sources */ = {
			isa = PBXSourcesBuildPhase;
			buildActionMask = 2147483647;
			files = (
				C10F2199219C7E2A002CB334 /* MainScreenController.swift in Sources */,
				C15F8E06219A16BC003296D8 /* NSObjectExtension.swift in Sources */,
				C1D060E7216F1B7E00002936 /* FancyTextLine.swift in Sources */,
				C187FD0621587D4E00D0F35A /* AppDelegate.swift in Sources */,
				C1C9ADB2216EABEF00BBA87E /* FancyHeader.swift in Sources */,
				C136AB5021A325BD0000A49C /* BackgroundTimer.swift in Sources */,
				C16AAB57219E11A30095B09E /* ColorExtension.swift in Sources */,
				C1E22AC72180D903004D0E05 /* ChiplRadioController.swift in Sources */,
				C1D060E9216F1BEA00002936 /* FancyTextParagraph.swift in Sources */,
				C134016B218118D1007C0B94 /* UIViewExtension.swift in Sources */,
				C1C9AF02219E95F000A422A4 /* MessageScreenController.swift in Sources */,
				C1D060E1216EDA1800002936 /* FancyLetterStyle.swift in Sources */,
				C13401672181143F007C0B94 /* MockData.swift in Sources */,
				C1D060E5216F1B1800002936 /* FancyWord.swift in Sources */,
			);
			runOnlyForDeploymentPostprocessing = 0;
		};
/* End PBXSourcesBuildPhase section */

/* Begin PBXVariantGroup section */
		C187FD0921587D4E00D0F35A /* MainScreen.storyboard */ = {
			isa = PBXVariantGroup;
			children = (
				C187FD0A21587D4E00D0F35A /* Base */,
			);
			name = MainScreen.storyboard;
			sourceTree = "<group>";
		};
		C187FD0E21587D4F00D0F35A /* LaunchScreen.storyboard */ = {
			isa = PBXVariantGroup;
			children = (
				C187FD0F21587D4F00D0F35A /* Base */,
			);
			name = LaunchScreen.storyboard;
			sourceTree = "<group>";
		};
/* End PBXVariantGroup section */

/* Begin XCBuildConfiguration section */
		C187FD1221587D4F00D0F35A /* Debug */ = {
			isa = XCBuildConfiguration;
			buildSettings = {
				ALWAYS_SEARCH_USER_PATHS = NO;
				CLANG_ANALYZER_NONNULL = YES;
				CLANG_ANALYZER_NUMBER_OBJECT_CONVERSION = YES_AGGRESSIVE;
				CLANG_CXX_LANGUAGE_STANDARD = "gnu++14";
				CLANG_CXX_LIBRARY = "libc++";
				CLANG_ENABLE_MODULES = YES;
				CLANG_ENABLE_OBJC_ARC = YES;
				CLANG_ENABLE_OBJC_WEAK = YES;
				CLANG_WARN_BLOCK_CAPTURE_AUTORELEASING = YES;
				CLANG_WARN_BOOL_CONVERSION = YES;
				CLANG_WARN_COMMA = YES;
				CLANG_WARN_CONSTANT_CONVERSION = YES;
				CLANG_WARN_DEPRECATED_OBJC_IMPLEMENTATIONS = YES;
				CLANG_WARN_DIRECT_OBJC_ISA_USAGE = YES_ERROR;
				CLANG_WARN_DOCUMENTATION_COMMENTS = YES;
				CLANG_WARN_EMPTY_BODY = YES;
				CLANG_WARN_ENUM_CONVERSION = YES;
				CLANG_WARN_INFINITE_RECURSION = YES;
				CLANG_WARN_INT_CONVERSION = YES;
				CLANG_WARN_NON_LITERAL_NULL_CONVERSION = YES;
				CLANG_WARN_OBJC_IMPLICIT_RETAIN_SELF = YES;
				CLANG_WARN_OBJC_LITERAL_CONVERSION = YES;
				CLANG_WARN_OBJC_ROOT_CLASS = YES_ERROR;
				CLANG_WARN_RANGE_LOOP_ANALYSIS = YES;
				CLANG_WARN_STRICT_PROTOTYPES = YES;
				CLANG_WARN_SUSPICIOUS_MOVE = YES;
				CLANG_WARN_UNGUARDED_AVAILABILITY = YES_AGGRESSIVE;
				CLANG_WARN_UNREACHABLE_CODE = YES;
				CLANG_WARN__DUPLICATE_METHOD_MATCH = YES;
				CODE_SIGN_IDENTITY = "iPhone Developer";
				COPY_PHASE_STRIP = NO;
				DEBUG_INFORMATION_FORMAT = dwarf;
				ENABLE_STRICT_OBJC_MSGSEND = YES;
				ENABLE_TESTABILITY = YES;
				GCC_C_LANGUAGE_STANDARD = gnu11;
				GCC_DYNAMIC_NO_PIC = NO;
				GCC_NO_COMMON_BLOCKS = YES;
				GCC_OPTIMIZATION_LEVEL = 0;
				GCC_PREPROCESSOR_DEFINITIONS = (
					"DEBUG=1",
					"$(inherited)",
				);
				GCC_WARN_64_TO_32_BIT_CONVERSION = YES;
				GCC_WARN_ABOUT_RETURN_TYPE = YES_ERROR;
				GCC_WARN_UNDECLARED_SELECTOR = YES;
				GCC_WARN_UNINITIALIZED_AUTOS = YES_AGGRESSIVE;
				GCC_WARN_UNUSED_FUNCTION = YES;
				GCC_WARN_UNUSED_VARIABLE = YES;
				IPHONEOS_DEPLOYMENT_TARGET = 12.0;
				MTL_ENABLE_DEBUG_INFO = INCLUDE_SOURCE;
				MTL_FAST_MATH = YES;
				ONLY_ACTIVE_ARCH = YES;
				SDKROOT = iphoneos;
				SWIFT_ACTIVE_COMPILATION_CONDITIONS = DEBUG;
				SWIFT_OPTIMIZATION_LEVEL = "-Onone";
			};
			name = Debug;
		};
		C187FD1321587D4F00D0F35A /* Release */ = {
			isa = XCBuildConfiguration;
			buildSettings = {
				ALWAYS_SEARCH_USER_PATHS = NO;
				CLANG_ANALYZER_NONNULL = YES;
				CLANG_ANALYZER_NUMBER_OBJECT_CONVERSION = YES_AGGRESSIVE;
				CLANG_CXX_LANGUAGE_STANDARD = "gnu++14";
				CLANG_CXX_LIBRARY = "libc++";
				CLANG_ENABLE_MODULES = YES;
				CLANG_ENABLE_OBJC_ARC = YES;
				CLANG_ENABLE_OBJC_WEAK = YES;
				CLANG_WARN_BLOCK_CAPTURE_AUTORELEASING = YES;
				CLANG_WARN_BOOL_CONVERSION = YES;
				CLANG_WARN_COMMA = YES;
				CLANG_WARN_CONSTANT_CONVERSION = YES;
				CLANG_WARN_DEPRECATED_OBJC_IMPLEMENTATIONS = YES;
				CLANG_WARN_DIRECT_OBJC_ISA_USAGE = YES_ERROR;
				CLANG_WARN_DOCUMENTATION_COMMENTS = YES;
				CLANG_WARN_EMPTY_BODY = YES;
				CLANG_WARN_ENUM_CONVERSION = YES;
				CLANG_WARN_INFINITE_RECURSION = YES;
				CLANG_WARN_INT_CONVERSION = YES;
				CLANG_WARN_NON_LITERAL_NULL_CONVERSION = YES;
				CLANG_WARN_OBJC_IMPLICIT_RETAIN_SELF = YES;
				CLANG_WARN_OBJC_LITERAL_CONVERSION = YES;
				CLANG_WARN_OBJC_ROOT_CLASS = YES_ERROR;
				CLANG_WARN_RANGE_LOOP_ANALYSIS = YES;
				CLANG_WARN_STRICT_PROTOTYPES = YES;
				CLANG_WARN_SUSPICIOUS_MOVE = YES;
				CLANG_WARN_UNGUARDED_AVAILABILITY = YES_AGGRESSIVE;
				CLANG_WARN_UNREACHABLE_CODE = YES;
				CLANG_WARN__DUPLICATE_METHOD_MATCH = YES;
				CODE_SIGN_IDENTITY = "iPhone Developer";
				COPY_PHASE_STRIP = NO;
				DEBUG_INFORMATION_FORMAT = "dwarf-with-dsym";
				ENABLE_NS_ASSERTIONS = NO;
				ENABLE_STRICT_OBJC_MSGSEND = YES;
				GCC_C_LANGUAGE_STANDARD = gnu11;
				GCC_NO_COMMON_BLOCKS = YES;
				GCC_WARN_64_TO_32_BIT_CONVERSION = YES;
				GCC_WARN_ABOUT_RETURN_TYPE = YES_ERROR;
				GCC_WARN_UNDECLARED_SELECTOR = YES;
				GCC_WARN_UNINITIALIZED_AUTOS = YES_AGGRESSIVE;
				GCC_WARN_UNUSED_FUNCTION = YES;
				GCC_WARN_UNUSED_VARIABLE = YES;
				IPHONEOS_DEPLOYMENT_TARGET = 12.0;
				MTL_ENABLE_DEBUG_INFO = NO;
				MTL_FAST_MATH = YES;
				SDKROOT = iphoneos;
				SWIFT_COMPILATION_MODE = wholemodule;
				SWIFT_OPTIMIZATION_LEVEL = "-O";
				VALIDATE_PRODUCT = YES;
			};
			name = Release;
		};
		C187FD1521587D4F00D0F35A /* Debug */ = {
			isa = XCBuildConfiguration;
			baseConfigurationReference = 8D36B9219ECA38E0DD20C959 /* Pods-Chipldapp.debug.xcconfig */;
			buildSettings = {
				ASSETCATALOG_COMPILER_APPICON_NAME = AppIcon;
				CODE_SIGN_STYLE = Automatic;
				DEVELOPMENT_TEAM = 6N982QD676;
				INFOPLIST_FILE = Chipldapp/Application/Info.plist;
				LD_RUNPATH_SEARCH_PATHS = (
					"$(inherited)",
					"@executable_path/Frameworks",
				);
				PRODUCT_BUNDLE_IDENTIFIER = KexitSoft.Chipldapp;
				PRODUCT_NAME = "$(TARGET_NAME)";
				SWIFT_VERSION = 4.2;
				TARGETED_DEVICE_FAMILY = 1;
			};
			name = Debug;
		};
		C187FD1621587D4F00D0F35A /* Release */ = {
			isa = XCBuildConfiguration;
			baseConfigurationReference = 28930700F4223132CA8E3252 /* Pods-Chipldapp.release.xcconfig */;
			buildSettings = {
				ASSETCATALOG_COMPILER_APPICON_NAME = AppIcon;
				CODE_SIGN_STYLE = Automatic;
				DEVELOPMENT_TEAM = 6N982QD676;
				INFOPLIST_FILE = Chipldapp/Application/Info.plist;
				LD_RUNPATH_SEARCH_PATHS = (
					"$(inherited)",
					"@executable_path/Frameworks",
				);
				PRODUCT_BUNDLE_IDENTIFIER = KexitSoft.Chipldapp;
				PRODUCT_NAME = "$(TARGET_NAME)";
				SWIFT_VERSION = 4.2;
				TARGETED_DEVICE_FAMILY = 1;
			};
			name = Release;
		};
/* End XCBuildConfiguration section */

/* Begin XCConfigurationList section */
		C187FCFD21587D4E00D0F35A /* Build configuration list for PBXProject "Chipldapp" */ = {
			isa = XCConfigurationList;
			buildConfigurations = (
				C187FD1221587D4F00D0F35A /* Debug */,
				C187FD1321587D4F00D0F35A /* Release */,
			);
			defaultConfigurationIsVisible = 0;
			defaultConfigurationName = Release;
		};
		C187FD1421587D4F00D0F35A /* Build configuration list for PBXNativeTarget "Chipldapp" */ = {
			isa = XCConfigurationList;
			buildConfigurations = (
				C187FD1521587D4F00D0F35A /* Debug */,
				C187FD1621587D4F00D0F35A /* Release */,
			);
			defaultConfigurationIsVisible = 0;
			defaultConfigurationName = Release;
		};
/* End XCConfigurationList section */
	};
	rootObject = C187FCFA21587D4E00D0F35A /* Project object */;
}
